
Microsoft Visual Studio Solution File, Format Version 12.00
# Visual Studio 14
VisualStudioVersion = 14.0.24720.0
MinimumVisualStudioVersion = 10.0.40219.1
Project("{2150E333-8FDC-42A3-9474-1A3956D46DE8}") = "src", "src", "{2419F992-3338-4AC1-9C3E-CE49282CC423}"
EndProject
Project("{2150E333-8FDC-42A3-9474-1A3956D46DE8}") = "Solution Items", "Solution Items", "{AE9FB869-12E9-4ABE-8B6A-9028A018B639}"
	ProjectSection(SolutionItems) = preProject
		global.json = global.json
	EndProjectSection
EndProject
Project("{8BB2217D-0F2D-49D1-97BC-3654ED321F3B}") = "ModernStore", "src\ModernStore\ModernStore.xproj", "{41426DD3-DAF0-4ABA-A9B8-B2DF186D390A}"
EndProject
Global
	GlobalSection(SolutionConfigurationPlatforms) = preSolution
		Debug|Any CPU = Debug|Any CPU
		Release|Any CPU = Release|Any CPU
	EndGlobalSection
	GlobalSection(ProjectConfigurationPlatforms) = postSolution
		{41426DD3-DAF0-4ABA-A9B8-B2DF186D390A}.Debug|Any CPU.ActiveCfg = Debug|Any CPU
		{41426DD3-DAF0-4ABA-A9B8-B2DF186D390A}.Debug|Any CPU.Build.0 = Debug|Any CPU
		{41426DD3-DAF0-4ABA-A9B8-B2DF186D390A}.Release|Any CPU.ActiveCfg = Release|Any CPU
		{41426DD3-DAF0-4ABA-A9B8-B2DF186D390A}.Release|Any CPU.Build.0 = Release|Any CPU
	EndGlobalSection
	GlobalSection(SolutionProperties) = preSolution
		HideSolutionNode = FALSE
	EndGlobalSection
	GlobalSection(NestedProjects) = preSolution
		{41426DD3-DAF0-4ABA-A9B8-B2DF186D390A} = {2419F992-3338-4AC1-9C3E-CE49282CC423}
	EndGlobalSection
EndGlobal
